
Microsoft Visual Studio Solution File, Format Version 12.00
# Visual Studio 14
VisualStudioVersion = 14.0.25420.1
MinimumVisualStudioVersion = 10.0.40219.1
Project("{FAE04EC0-301F-11D3-BF4B-00C04F79EFBC}") = "Aether.Physics2D.WP8", "Physics2D\Aether.Physics2D.WP8.csproj", "{FA21C6FB-5298-4163-9C80-6A54D8645849}"
EndProject
Global
	GlobalSection(SolutionConfigurationPlatforms) = preSolution
		Debug|ARM = Debug|ARM
		Debug|x86 = Debug|x86
		Release|ARM = Release|ARM
		Release|x86 = Release|x86
	EndGlobalSection
	GlobalSection(ProjectConfigurationPlatforms) = postSolution
		{FA21C6FB-5298-4163-9C80-6A54D8645849}.Debug|ARM.ActiveCfg = Debug|ARM
		{FA21C6FB-5298-4163-9C80-6A54D8645849}.Debug|ARM.Build.0 = Debug|ARM
		{FA21C6FB-5298-4163-9C80-6A54D8645849}.Debug|x86.ActiveCfg = Debug|x86
		{FA21C6FB-5298-4163-9C80-6A54D8645849}.Debug|x86.Build.0 = Debug|x86
		{FA21C6FB-5298-4163-9C80-6A54D8645849}.Release|ARM.ActiveCfg = Release|ARM
		{FA21C6FB-5298-4163-9C80-6A54D8645849}.Release|ARM.Build.0 = Release|ARM
		{FA21C6FB-5298-4163-9C80-6A54D8645849}.Release|x86.ActiveCfg = Release|x86
		{FA21C6FB-5298-4163-9C80-6A54D8645849}.Release|x86.Build.0 = Release|x86
	EndGlobalSection
	GlobalSection(SolutionProperties) = preSolution
		HideSolutionNode = FALSE
	EndGlobalSection
EndGlobal
