
Microsoft Visual Studio Solution File, Format Version 12.00
# Visual Studio 14
VisualStudioVersion = 14.0.25420.1
MinimumVisualStudioVersion = 10.0.40219.1
Project("{FAE04EC0-301F-11D3-BF4B-00C04F79EFBC}") = "Aether.Physics2D.W8_1", "Physics2D\Aether.Physics2D.W8_1.csproj", "{27D8C546-A7C5-4274-9F96-4C7CF22FC2A5}"
EndProject
Global
	GlobalSection(SolutionConfigurationPlatforms) = preSolution
		Debug|Any CPU = Debug|Any CPU
		Release|Any CPU = Release|Any CPU
	EndGlobalSection
	GlobalSection(ProjectConfigurationPlatforms) = postSolution
		{27D8C546-A7C5-4274-9F96-4C7CF22FC2A5}.Debug|Any CPU.ActiveCfg = Debug|Any CPU
		{27D8C546-A7C5-4274-9F96-4C7CF22FC2A5}.Debug|Any CPU.Build.0 = Debug|Any CPU
		{27D8C546-A7C5-4274-9F96-4C7CF22FC2A5}.Release|Any CPU.ActiveCfg = Release|Any CPU
		{27D8C546-A7C5-4274-9F96-4C7CF22FC2A5}.Release|Any CPU.Build.0 = Release|Any CPU
	EndGlobalSection
	GlobalSection(SolutionProperties) = preSolution
		HideSolutionNode = FALSE
	EndGlobalSection
EndGlobal
