
Microsoft Visual Studio Solution File, Format Version 12.00
# Visual Studio 2013
VisualStudioVersion = 12.0.40629.0
MinimumVisualStudioVersion = 10.0.40219.1
Project("{2150E333-8FDC-42A3-9474-1A3956D46DE8}") = "Aether.Content.Pipeline", "Aether.Content.Pipeline", "{717F89BC-8423-4E7C-A834-460CFD62B1E3}"
EndProject
Project("{FAE04EC0-301F-11D3-BF4B-00C04F79EFBC}") = "Aether.Physics2D.PORTABLE", "Physics2D\Aether.Physics2D.PORTABLE.csproj", "{FAA2CCDA-368A-4735-9805-64247D9ABB83}"
EndProject
Global
	GlobalSection(SolutionConfigurationPlatforms) = preSolution
		Debug|Any CPU = Debug|Any CPU
		Release|Any CPU = Release|Any CPU
	EndGlobalSection
	GlobalSection(ProjectConfigurationPlatforms) = postSolution
		{FAA2CCDA-368A-4735-9805-64247D9ABB83}.Debug|Any CPU.ActiveCfg = Debug|Any CPU
		{FAA2CCDA-368A-4735-9805-64247D9ABB83}.Debug|Any CPU.Build.0 = Debug|Any CPU
		{FAA2CCDA-368A-4735-9805-64247D9ABB83}.Release|Any CPU.ActiveCfg = Release|Any CPU
		{FAA2CCDA-368A-4735-9805-64247D9ABB83}.Release|Any CPU.Build.0 = Release|Any CPU
	EndGlobalSection
	GlobalSection(SolutionProperties) = preSolution
		HideSolutionNode = FALSE
	EndGlobalSection
EndGlobal
