
Microsoft Visual Studio Solution File, Format Version 12.00
# Visual Studio 2013
VisualStudioVersion = 12.0.40629.0
MinimumVisualStudioVersion = 10.0.40219.1
Project("{2150E333-8FDC-42A3-9474-1A3956D46DE8}") = "Aether.Content.Pipeline", "Aether.Content.Pipeline", "{717F89BC-8423-4E7C-A834-460CFD62B1E3}"
EndProject
Project("{FAE04EC0-301F-11D3-BF4B-00C04F79EFBC}") = "Aether.Physics2D.PORTABLE40", "Physics2D\Aether.Physics2D.PORTABLE40.csproj", "{FAA2CCDA-368A-4735-9805-64247D9ABB83}"
EndProject
Project("{FAE04EC0-301F-11D3-BF4B-00C04F79EFBC}") = "Aether.Physics2D.PORTABLE45", "Physics2D\Aether.Physics2D.PORTABLE45.csproj", "{D7449C73-0922-4CB8-B83A-F5CE2904BE14}"
EndProject
Project("{2150E333-8FDC-42A3-9474-1A3956D46DE8}") = "Diagnostics", "Diagnostics", "{6C0295F4-60D4-43DF-8D1F-3EFAF57628E3}"
EndProject
Project("{FAE04EC0-301F-11D3-BF4B-00C04F79EFBC}") = "Aether.Physics2D.Diagnostics.PORTABLE40", "Physics2D.Diagnostics\Diagnostics\Aether.Physics2D.Diagnostics.PORTABLE40.csproj", "{3C8713CA-1E4C-45BA-8BB0-3073C25DA312}"
EndProject
Project("{FAE04EC0-301F-11D3-BF4B-00C04F79EFBC}") = "Aether.Physics2D.Diagnostics.PORTABLE45", "Physics2D.Diagnostics\Diagnostics\Aether.Physics2D.Diagnostics.PORTABLE45.csproj", "{045C4C6A-92EF-47AB-B38E-A2DDECB356C1}"
EndProject
Global
	GlobalSection(SolutionConfigurationPlatforms) = preSolution
		Debug|Any CPU = Debug|Any CPU
		Release|Any CPU = Release|Any CPU
	EndGlobalSection
	GlobalSection(ProjectConfigurationPlatforms) = postSolution
		{FAA2CCDA-368A-4735-9805-64247D9ABB83}.Debug|Any CPU.ActiveCfg = Debug|Any CPU
		{FAA2CCDA-368A-4735-9805-64247D9ABB83}.Debug|Any CPU.Build.0 = Debug|Any CPU
		{FAA2CCDA-368A-4735-9805-64247D9ABB83}.Release|Any CPU.ActiveCfg = Release|Any CPU
		{FAA2CCDA-368A-4735-9805-64247D9ABB83}.Release|Any CPU.Build.0 = Release|Any CPU
		{D7449C73-0922-4CB8-B83A-F5CE2904BE14}.Debug|Any CPU.ActiveCfg = Debug|Any CPU
		{D7449C73-0922-4CB8-B83A-F5CE2904BE14}.Debug|Any CPU.Build.0 = Debug|Any CPU
		{D7449C73-0922-4CB8-B83A-F5CE2904BE14}.Release|Any CPU.ActiveCfg = Release|Any CPU
		{D7449C73-0922-4CB8-B83A-F5CE2904BE14}.Release|Any CPU.Build.0 = Release|Any CPU
		{3C8713CA-1E4C-45BA-8BB0-3073C25DA312}.Debug|Any CPU.ActiveCfg = Debug|Any CPU
		{3C8713CA-1E4C-45BA-8BB0-3073C25DA312}.Debug|Any CPU.Build.0 = Debug|Any CPU
		{3C8713CA-1E4C-45BA-8BB0-3073C25DA312}.Release|Any CPU.ActiveCfg = Release|Any CPU
		{3C8713CA-1E4C-45BA-8BB0-3073C25DA312}.Release|Any CPU.Build.0 = Release|Any CPU
		{045C4C6A-92EF-47AB-B38E-A2DDECB356C1}.Debug|Any CPU.ActiveCfg = Debug|Any CPU
		{045C4C6A-92EF-47AB-B38E-A2DDECB356C1}.Debug|Any CPU.Build.0 = Debug|Any CPU
		{045C4C6A-92EF-47AB-B38E-A2DDECB356C1}.Release|Any CPU.ActiveCfg = Release|Any CPU
		{045C4C6A-92EF-47AB-B38E-A2DDECB356C1}.Release|Any CPU.Build.0 = Release|Any CPU
	EndGlobalSection
	GlobalSection(SolutionProperties) = preSolution
		HideSolutionNode = FALSE
	EndGlobalSection
	GlobalSection(NestedProjects) = preSolution
		{3C8713CA-1E4C-45BA-8BB0-3073C25DA312} = {6C0295F4-60D4-43DF-8D1F-3EFAF57628E3}
		{045C4C6A-92EF-47AB-B38E-A2DDECB356C1} = {6C0295F4-60D4-43DF-8D1F-3EFAF57628E3}
	EndGlobalSection
EndGlobal
