
Microsoft Visual Studio Solution File, Format Version 12.00
# Visual Studio 2010
Project("{FAE04EC0-301F-11D3-BF4B-00C04F79EFBC}") = "Aether.Physics2D.WINDOWS.XNA", "Physics2D\Aether.Physics2D.WINDOWS.XNA.csproj", "{96A2FDD8-E119-4441-B413-C07BF4AB41FA}"
EndProject
Project("{2150E333-8FDC-42A3-9474-1A3956D46DE8}") = "Samples", "Samples", "{E662B67C-5BEC-409D-9564-A82CBC1A0120}"
EndProject
Project("{FAE04EC0-301F-11D3-BF4B-00C04F79EFBC}") = "TestBed.WINDOWS.XNA", "Samples\Testbed\TestBed.WINDOWS.XNA.csproj", "{E56EC548-568E-4E68-8E42-A9A7E5E243B5}"
EndProject
Project("{FAE04EC0-301F-11D3-BF4B-00C04F79EFBC}") = "Aether.Physics2D.Diagnostics.WINDOWS.XNA", "Physics2D.Diagnostics\Diagnostics\Aether.Physics2D.Diagnostics.WINDOWS.XNA.csproj", "{90A1DCD0-3286-443A-8862-D7CFB6F8FDB3}"
EndProject
Project("{FAE04EC0-301F-11D3-BF4B-00C04F79EFBC}") = "HelloWorld.WINDOWS.XNA", "Samples\HelloWorld\HelloWorld.WINDOWS.XNA.csproj", "{3C85C0C8-1467-4158-ABAE-7D4AD26A55FA}"
EndProject
Project("{FAE04EC0-301F-11D3-BF4B-00C04F79EFBC}") = "DiagnosticsContent", "Physics2D.Diagnostics\DiagnosticsContent\DiagnosticsContent.contentproj", "{924144D3-C754-4E96-95C4-26E84C10D454}"
EndProject
Project("{FAE04EC0-301F-11D3-BF4B-00C04F79EFBC}") = "HelloWorldContent", "Samples\HelloWorldContent\HelloWorldContent.contentproj", "{86C73808-245F-4DF9-96DE-AF965346E1D1}"
EndProject
Project("{FAE04EC0-301F-11D3-BF4B-00C04F79EFBC}") = "TestBedContent", "Samples\TestbedContent\TestBedContent.contentproj", "{01239839-0E35-42C9-8E7F-8647D852B658}"
EndProject
Project("{FAE04EC0-301F-11D3-BF4B-00C04F79EFBC}") = "Physics2DImporters.WINDOWS.XNA", "Content.Pipeline\Physics2DImporters\Physics2DImporters.WINDOWS.XNA.csproj", "{7CB361CC-38D3-4F24-A0B8-10363471F9AB}"
EndProject
Project("{FAE04EC0-301F-11D3-BF4B-00C04F79EFBC}") = "SamplesContent", "Samples\SamplesContent\SamplesContent.contentproj", "{155FE90C-20E8-4C00-AC4C-27FA15BE3D9E}"
EndProject
Project("{FAE04EC0-301F-11D3-BF4B-00C04F79EFBC}") = "Samples.WINDOWS.XNA", "Samples\Samples\Samples.WINDOWS.XNA.csproj", "{18DD107C-1DA8-4D2F-8815-F699C9C9FCAF}"
EndProject
Project("{2150E333-8FDC-42A3-9474-1A3956D46DE8}") = "Aether.Content.Pipeline", "Aether.Content.Pipeline", "{30DC422D-90EF-4B22-92BF-F3492B3060FA}"
EndProject
Project("{2150E333-8FDC-42A3-9474-1A3956D46DE8}") = "Diagnostics", "Diagnostics", "{5669392E-8A2D-4917-9267-6AD0B1DBF554}"
EndProject
Global
	GlobalSection(SolutionConfigurationPlatforms) = preSolution
		Debug|x86 = Debug|x86
		Release|x86 = Release|x86
	EndGlobalSection
	GlobalSection(ProjectConfigurationPlatforms) = postSolution
		{96A2FDD8-E119-4441-B413-C07BF4AB41FA}.Debug|x86.ActiveCfg = Debug|x86
		{96A2FDD8-E119-4441-B413-C07BF4AB41FA}.Debug|x86.Build.0 = Debug|x86
		{96A2FDD8-E119-4441-B413-C07BF4AB41FA}.Release|x86.ActiveCfg = Release|x86
		{96A2FDD8-E119-4441-B413-C07BF4AB41FA}.Release|x86.Build.0 = Release|x86
		{E56EC548-568E-4E68-8E42-A9A7E5E243B5}.Debug|x86.ActiveCfg = Debug|x86
		{E56EC548-568E-4E68-8E42-A9A7E5E243B5}.Debug|x86.Build.0 = Debug|x86
		{E56EC548-568E-4E68-8E42-A9A7E5E243B5}.Release|x86.ActiveCfg = Release|x86
		{E56EC548-568E-4E68-8E42-A9A7E5E243B5}.Release|x86.Build.0 = Release|x86
		{90A1DCD0-3286-443A-8862-D7CFB6F8FDB3}.Debug|x86.ActiveCfg = Debug|x86
		{90A1DCD0-3286-443A-8862-D7CFB6F8FDB3}.Debug|x86.Build.0 = Debug|x86
		{90A1DCD0-3286-443A-8862-D7CFB6F8FDB3}.Release|x86.ActiveCfg = Release|x86
		{90A1DCD0-3286-443A-8862-D7CFB6F8FDB3}.Release|x86.Build.0 = Release|x86
		{3C85C0C8-1467-4158-ABAE-7D4AD26A55FA}.Debug|x86.ActiveCfg = Debug|x86
		{3C85C0C8-1467-4158-ABAE-7D4AD26A55FA}.Debug|x86.Build.0 = Debug|x86
		{3C85C0C8-1467-4158-ABAE-7D4AD26A55FA}.Release|x86.ActiveCfg = Release|x86
		{3C85C0C8-1467-4158-ABAE-7D4AD26A55FA}.Release|x86.Build.0 = Release|x86
		{924144D3-C754-4E96-95C4-26E84C10D454}.Debug|x86.ActiveCfg = Debug|Any CPU
		{924144D3-C754-4E96-95C4-26E84C10D454}.Release|x86.ActiveCfg = Debug|Any CPU
		{86C73808-245F-4DF9-96DE-AF965346E1D1}.Debug|x86.ActiveCfg = Debug|x86
		{86C73808-245F-4DF9-96DE-AF965346E1D1}.Release|x86.ActiveCfg = Release|x86
		{86C73808-245F-4DF9-96DE-AF965346E1D1}.Release|x86.Build.0 = Release|x86
		{01239839-0E35-42C9-8E7F-8647D852B658}.Debug|x86.ActiveCfg = Debug|Any CPU
		{01239839-0E35-42C9-8E7F-8647D852B658}.Release|x86.ActiveCfg = Debug|Any CPU
		{7CB361CC-38D3-4F24-A0B8-10363471F9AB}.Debug|x86.ActiveCfg = Debug|x86
		{7CB361CC-38D3-4F24-A0B8-10363471F9AB}.Debug|x86.Build.0 = Debug|x86
		{7CB361CC-38D3-4F24-A0B8-10363471F9AB}.Release|x86.ActiveCfg = Release|x86
		{7CB361CC-38D3-4F24-A0B8-10363471F9AB}.Release|x86.Build.0 = Release|x86
		{155FE90C-20E8-4C00-AC4C-27FA15BE3D9E}.Debug|x86.ActiveCfg = Debug|x86
		{155FE90C-20E8-4C00-AC4C-27FA15BE3D9E}.Release|x86.ActiveCfg = Release|x86
		{18DD107C-1DA8-4D2F-8815-F699C9C9FCAF}.Debug|x86.ActiveCfg = Debug|x86
		{18DD107C-1DA8-4D2F-8815-F699C9C9FCAF}.Debug|x86.Build.0 = Debug|x86
		{18DD107C-1DA8-4D2F-8815-F699C9C9FCAF}.Release|x86.ActiveCfg = Release|x86
		{18DD107C-1DA8-4D2F-8815-F699C9C9FCAF}.Release|x86.Build.0 = Release|x86
	EndGlobalSection
	GlobalSection(SolutionProperties) = preSolution
		HideSolutionNode = FALSE
	EndGlobalSection
	GlobalSection(NestedProjects) = preSolution
		{E56EC548-568E-4E68-8E42-A9A7E5E243B5} = {E662B67C-5BEC-409D-9564-A82CBC1A0120}
		{3C85C0C8-1467-4158-ABAE-7D4AD26A55FA} = {E662B67C-5BEC-409D-9564-A82CBC1A0120}
		{86C73808-245F-4DF9-96DE-AF965346E1D1} = {E662B67C-5BEC-409D-9564-A82CBC1A0120}
		{01239839-0E35-42C9-8E7F-8647D852B658} = {E662B67C-5BEC-409D-9564-A82CBC1A0120}
		{155FE90C-20E8-4C00-AC4C-27FA15BE3D9E} = {E662B67C-5BEC-409D-9564-A82CBC1A0120}
		{18DD107C-1DA8-4D2F-8815-F699C9C9FCAF} = {E662B67C-5BEC-409D-9564-A82CBC1A0120}
		{924144D3-C754-4E96-95C4-26E84C10D454} = {5669392E-8A2D-4917-9267-6AD0B1DBF554}
		{90A1DCD0-3286-443A-8862-D7CFB6F8FDB3} = {5669392E-8A2D-4917-9267-6AD0B1DBF554}
		{7CB361CC-38D3-4F24-A0B8-10363471F9AB} = {30DC422D-90EF-4B22-92BF-F3492B3060FA}
	EndGlobalSection
EndGlobal
